
Microsoft Visual Studio Solution File, Format Version 12.00
# Visual Studio Version 16
VisualStudioVersion = 16.0.30804.86
MinimumVisualStudioVersion = 10.0.40219.1
Project("{9A19103F-16F7-4668-BE54-9A1E7A4F7556}") = "StockBot", "StockBot\StockBot.csproj", "{96051AB1-4AD7-4E2B-B162-4DD9E004D8CD}"
EndProject
Project("{9A19103F-16F7-4668-BE54-9A1E7A4F7556}") = "Tests", "Tests\Tests.csproj", "{7D4E3DF8-0B9A-437A-8247-F921BCE2BFF4}"
EndProject
Project("{FAE04EC0-301F-11D3-BF4B-00C04F79EFBC}") = "UI", "UI\UI.csproj", "{8CD8506F-354F-4B55-AA12-7EFE651E6773}"
EndProject
Global
	GlobalSection(SolutionConfigurationPlatforms) = preSolution
		Debug|Any CPU = Debug|Any CPU
		Release|Any CPU = Release|Any CPU
	EndGlobalSection
	GlobalSection(ProjectConfigurationPlatforms) = postSolution
		{96051AB1-4AD7-4E2B-B162-4DD9E004D8CD}.Debug|Any CPU.ActiveCfg = Debug|Any CPU
		{96051AB1-4AD7-4E2B-B162-4DD9E004D8CD}.Debug|Any CPU.Build.0 = Debug|Any CPU
		{96051AB1-4AD7-4E2B-B162-4DD9E004D8CD}.Release|Any CPU.ActiveCfg = Release|Any CPU
		{96051AB1-4AD7-4E2B-B162-4DD9E004D8CD}.Release|Any CPU.Build.0 = Release|Any CPU
		{7D4E3DF8-0B9A-437A-8247-F921BCE2BFF4}.Debug|Any CPU.ActiveCfg = Debug|Any CPU
		{7D4E3DF8-0B9A-437A-8247-F921BCE2BFF4}.Debug|Any CPU.Build.0 = Debug|Any CPU
		{7D4E3DF8-0B9A-437A-8247-F921BCE2BFF4}.Release|Any CPU.ActiveCfg = Release|Any CPU
		{7D4E3DF8-0B9A-437A-8247-F921BCE2BFF4}.Release|Any CPU.Build.0 = Release|Any CPU
		{8CD8506F-354F-4B55-AA12-7EFE651E6773}.Debug|Any CPU.ActiveCfg = Debug|Any CPU
		{8CD8506F-354F-4B55-AA12-7EFE651E6773}.Debug|Any CPU.Build.0 = Debug|Any CPU
		{8CD8506F-354F-4B55-AA12-7EFE651E6773}.Release|Any CPU.ActiveCfg = Release|Any CPU
		{8CD8506F-354F-4B55-AA12-7EFE651E6773}.Release|Any CPU.Build.0 = Release|Any CPU
	EndGlobalSection
	GlobalSection(SolutionProperties) = preSolution
		HideSolutionNode = FALSE
	EndGlobalSection
	GlobalSection(ExtensibilityGlobals) = postSolution
		SolutionGuid = {229C979A-485A-49C4-96C7-356737D73D85}
	EndGlobalSection
EndGlobal
